// !$*UTF8*$!
{
	archiveVersion = 1;
	classes = {
	};
	objectVersion = 46;
	objects = {

/* Begin PBXBuildFile section */
		3C903A711C33B5330073D694 /* SettingsViewController.swift in Sources */ = {isa = PBXBuildFile; fileRef = 3C903A701C33B5330073D694 /* SettingsViewController.swift */; };
		3CB8824E1C162FD70024EDAD /* AppDelegate.swift in Sources */ = {isa = PBXBuildFile; fileRef = 3CB8824D1C162FD70024EDAD /* AppDelegate.swift */; };
		3CB882501C162FD70024EDAD /* ViewController.swift in Sources */ = {isa = PBXBuildFile; fileRef = 3CB8824F1C162FD70024EDAD /* ViewController.swift */; };
		3CB882531C162FD70024EDAD /* Main.storyboard in Resources */ = {isa = PBXBuildFile; fileRef = 3CB882511C162FD70024EDAD /* Main.storyboard */; };
		3CB882551C162FD70024EDAD /* Assets.xcassets in Resources */ = {isa = PBXBuildFile; fileRef = 3CB882541C162FD70024EDAD /* Assets.xcassets */; };
		3CB882581C162FD70024EDAD /* LaunchScreen.storyboard in Resources */ = {isa = PBXBuildFile; fileRef = 3CB882561C162FD70024EDAD /* LaunchScreen.storyboard */; };
		3CB882631C162FD80024EDAD /* TestDriveTests.swift in Sources */ = {isa = PBXBuildFile; fileRef = 3CB882621C162FD80024EDAD /* TestDriveTests.swift */; };
		3CB8826E1C162FD80024EDAD /* TestDriveUITests.swift in Sources */ = {isa = PBXBuildFile; fileRef = 3CB8826D1C162FD80024EDAD /* TestDriveUITests.swift */; };
/* End PBXBuildFile section */

/* Begin PBXContainerItemProxy section */
		3CB8825F1C162FD80024EDAD /* PBXContainerItemProxy */ = {
			isa = PBXContainerItemProxy;
			containerPortal = 3CB882421C162FD70024EDAD /* Project object */;
			proxyType = 1;
			remoteGlobalIDString = 3CB882491C162FD70024EDAD;
			remoteInfo = TestDrive;
		};
		3CB8826A1C162FD80024EDAD /* PBXContainerItemProxy */ = {
			isa = PBXContainerItemProxy;
			containerPortal = 3CB882421C162FD70024EDAD /* Project object */;
			proxyType = 1;
			remoteGlobalIDString = 3CB882491C162FD70024EDAD;
			remoteInfo = TestDrive;
		};
/* End PBXContainerItemProxy section */

/* Begin PBXFileReference section */
		3C903A701C33B5330073D694 /* SettingsViewController.swift */ = {isa = PBXFileReference; fileEncoding = 4; lastKnownFileType = sourcecode.swift; path = SettingsViewController.swift; sourceTree = "<group>"; };
		3CB8824A1C162FD70024EDAD /* TippingSocial.app */ = {isa = PBXFileReference; explicitFileType = wrapper.application; includeInIndex = 0; path = TippingSocial.app; sourceTree = BUILT_PRODUCTS_DIR; };
		3CB8824D1C162FD70024EDAD /* AppDelegate.swift */ = {isa = PBXFileReference; lastKnownFileType = sourcecode.swift; path = AppDelegate.swift; sourceTree = "<group>"; };
		3CB8824F1C162FD70024EDAD /* ViewController.swift */ = {isa = PBXFileReference; lastKnownFileType = sourcecode.swift; path = ViewController.swift; sourceTree = "<group>"; };
		3CB882521C162FD70024EDAD /* Base */ = {isa = PBXFileReference; lastKnownFileType = file.storyboard; name = Base; path = Base.lproj/Main.storyboard; sourceTree = "<group>"; };
		3CB882541C162FD70024EDAD /* Assets.xcassets */ = {isa = PBXFileReference; lastKnownFileType = folder.assetcatalog; path = Assets.xcassets; sourceTree = "<group>"; };
		3CB882571C162FD70024EDAD /* Base */ = {isa = PBXFileReference; lastKnownFileType = file.storyboard; name = Base; path = Base.lproj/LaunchScreen.storyboard; sourceTree = "<group>"; };
		3CB882591C162FD70024EDAD /* Info.plist */ = {isa = PBXFileReference; lastKnownFileType = text.plist.xml; path = Info.plist; sourceTree = "<group>"; };
		3CB8825E1C162FD80024EDAD /* TippingSocial.xctest */ = {isa = PBXFileReference; explicitFileType = wrapper.cfbundle; includeInIndex = 0; path = TippingSocial.xctest; sourceTree = BUILT_PRODUCTS_DIR; };
		3CB882621C162FD80024EDAD /* TestDriveTests.swift */ = {isa = PBXFileReference; lastKnownFileType = sourcecode.swift; path = TestDriveTests.swift; sourceTree = "<group>"; };
		3CB882641C162FD80024EDAD /* Info.plist */ = {isa = PBXFileReference; lastKnownFileType = text.plist.xml; path = Info.plist; sourceTree = "<group>"; };
		3CB882691C162FD80024EDAD /* TippingSocial.xctest */ = {isa = PBXFileReference; explicitFileType = wrapper.cfbundle; includeInIndex = 0; path = TippingSocial.xctest; sourceTree = BUILT_PRODUCTS_DIR; };
		3CB8826D1C162FD80024EDAD /* TestDriveUITests.swift */ = {isa = PBXFileReference; lastKnownFileType = sourcecode.swift; path = TestDriveUITests.swift; sourceTree = "<group>"; };
		3CB8826F1C162FD80024EDAD /* Info.plist */ = {isa = PBXFileReference; lastKnownFileType = text.plist.xml; path = Info.plist; sourceTree = "<group>"; };
/* End PBXFileReference section */

/* Begin PBXFrameworksBuildPhase section */
		3CB882471C162FD70024EDAD /* Frameworks */ = {
			isa = PBXFrameworksBuildPhase;
			buildActionMask = 2147483647;
			files = (
			);
			runOnlyForDeploymentPostprocessing = 0;
		};
		3CB8825B1C162FD80024EDAD /* Frameworks */ = {
			isa = PBXFrameworksBuildPhase;
			buildActionMask = 2147483647;
			files = (
			);
			runOnlyForDeploymentPostprocessing = 0;
		};
		3CB882661C162FD80024EDAD /* Frameworks */ = {
			isa = PBXFrameworksBuildPhase;
			buildActionMask = 2147483647;
			files = (
			);
			runOnlyForDeploymentPostprocessing = 0;
		};
/* End PBXFrameworksBuildPhase section */

/* Begin PBXGroup section */
		3CB882411C162FD70024EDAD = {
			isa = PBXGroup;
			children = (
				3CB8824C1C162FD70024EDAD /* TestDrive */,
				3CB882611C162FD80024EDAD /* TestDriveTests */,
				3CB8826C1C162FD80024EDAD /* TestDriveUITests */,
				3CB8824B1C162FD70024EDAD /* Products */,
			);
			sourceTree = "<group>";
		};
		3CB8824B1C162FD70024EDAD /* Products */ = {
			isa = PBXGroup;
			children = (
				3CB8824A1C162FD70024EDAD /* TippingSocial.app */,
				3CB8825E1C162FD80024EDAD /* TippingSocial.xctest */,
				3CB882691C162FD80024EDAD /* TippingSocial.xctest */,
			);
			name = Products;
			sourceTree = "<group>";
		};
		3CB8824C1C162FD70024EDAD /* TestDrive */ = {
			isa = PBXGroup;
			children = (
				3CB8824D1C162FD70024EDAD /* AppDelegate.swift */,
				3CB8824F1C162FD70024EDAD /* ViewController.swift */,
				3CB882511C162FD70024EDAD /* Main.storyboard */,
				3C903A701C33B5330073D694 /* SettingsViewController.swift */,
				3CB882541C162FD70024EDAD /* Assets.xcassets */,
				3CB882561C162FD70024EDAD /* LaunchScreen.storyboard */,
				3CB882591C162FD70024EDAD /* Info.plist */,
			);
			path = TestDrive;
			sourceTree = "<group>";
		};
		3CB882611C162FD80024EDAD /* TestDriveTests */ = {
			isa = PBXGroup;
			children = (
				3CB882621C162FD80024EDAD /* TestDriveTests.swift */,
				3CB882641C162FD80024EDAD /* Info.plist */,
			);
			path = TestDriveTests;
			sourceTree = "<group>";
		};
		3CB8826C1C162FD80024EDAD /* TestDriveUITests */ = {
			isa = PBXGroup;
			children = (
				3CB8826D1C162FD80024EDAD /* TestDriveUITests.swift */,
				3CB8826F1C162FD80024EDAD /* Info.plist */,
			);
			path = TestDriveUITests;
			sourceTree = "<group>";
		};
/* End PBXGroup section */

/* Begin PBXNativeTarget section */
		3CB882491C162FD70024EDAD /* TippingSocial */ = {
			isa = PBXNativeTarget;
			buildConfigurationList = 3CB882721C162FD80024EDAD /* Build configuration list for PBXNativeTarget "TippingSocial" */;
			buildPhases = (
				3CB882461C162FD70024EDAD /* Sources */,
				3CB882471C162FD70024EDAD /* Frameworks */,
				3CB882481C162FD70024EDAD /* Resources */,
			);
			buildRules = (
			);
			dependencies = (
			);
			name = TippingSocial;
			productName = TestDrive;
			productReference = 3CB8824A1C162FD70024EDAD /* TippingSocial.app */;
			productType = "com.apple.product-type.application";
		};
		3CB8825D1C162FD80024EDAD /* TippingSocialTests */ = {
			isa = PBXNativeTarget;
			buildConfigurationList = 3CB882751C162FD80024EDAD /* Build configuration list for PBXNativeTarget "TippingSocialTests" */;
			buildPhases = (
				3CB8825A1C162FD80024EDAD /* Sources */,
				3CB8825B1C162FD80024EDAD /* Frameworks */,
				3CB8825C1C162FD80024EDAD /* Resources */,
			);
			buildRules = (
			);
			dependencies = (
				3CB882601C162FD80024EDAD /* PBXTargetDependency */,
			);
			name = TippingSocialTests;
			productName = TestDriveTests;
			productReference = 3CB8825E1C162FD80024EDAD /* TippingSocial.xctest */;
			productType = "com.apple.product-type.bundle.unit-test";
		};
		3CB882681C162FD80024EDAD /* TippingSocialUITests */ = {
			isa = PBXNativeTarget;
			buildConfigurationList = 3CB882781C162FD80024EDAD /* Build configuration list for PBXNativeTarget "TippingSocialUITests" */;
			buildPhases = (
				3CB882651C162FD80024EDAD /* Sources */,
				3CB882661C162FD80024EDAD /* Frameworks */,
				3CB882671C162FD80024EDAD /* Resources */,
			);
			buildRules = (
			);
			dependencies = (
				3CB8826B1C162FD80024EDAD /* PBXTargetDependency */,
			);
			name = TippingSocialUITests;
			productName = TestDriveUITests;
			productReference = 3CB882691C162FD80024EDAD /* TippingSocial.xctest */;
			productType = "com.apple.product-type.bundle.ui-testing";
		};
/* End PBXNativeTarget section */

/* Begin PBXProject section */
		3CB882421C162FD70024EDAD /* Project object */ = {
			isa = PBXProject;
			attributes = {
				LastSwiftUpdateCheck = 0710;
				LastUpgradeCheck = 0710;
				ORGANIZATIONNAME = "Jorge Cruz";
				TargetAttributes = {
					3CB882491C162FD70024EDAD = {
						CreatedOnToolsVersion = 7.1.1;
						DevelopmentTeam = 39C65TSQEG;
					};
					3CB8825D1C162FD80024EDAD = {
						CreatedOnToolsVersion = 7.1.1;
						TestTargetID = 3CB882491C162FD70024EDAD;
					};
					3CB882681C162FD80024EDAD = {
						CreatedOnToolsVersion = 7.1.1;
						TestTargetID = 3CB882491C162FD70024EDAD;
					};
				};
			};
			buildConfigurationList = 3CB882451C162FD70024EDAD /* Build configuration list for PBXProject "TippingSocial" */;
			compatibilityVersion = "Xcode 3.2";
			developmentRegion = English;
			hasScannedForEncodings = 0;
			knownRegions = (
				en,
				Base,
			);
			mainGroup = 3CB882411C162FD70024EDAD;
			productRefGroup = 3CB8824B1C162FD70024EDAD /* Products */;
			projectDirPath = "";
			projectRoot = "";
			targets = (
				3CB882491C162FD70024EDAD /* TippingSocial */,
				3CB8825D1C162FD80024EDAD /* TippingSocialTests */,
				3CB882681C162FD80024EDAD /* TippingSocialUITests */,
			);
		};
/* End PBXProject section */

/* Begin PBXResourcesBuildPhase section */
		3CB882481C162FD70024EDAD /* Resources */ = {
			isa = PBXResourcesBuildPhase;
			buildActionMask = 2147483647;
			files = (
				3CB882581C162FD70024EDAD /* LaunchScreen.storyboard in Resources */,
				3CB882551C162FD70024EDAD /* Assets.xcassets in Resources */,
				3CB882531C162FD70024EDAD /* Main.storyboard in Resources */,
			);
			runOnlyForDeploymentPostprocessing = 0;
		};
		3CB8825C1C162FD80024EDAD /* Resources */ = {
			isa = PBXResourcesBuildPhase;
			buildActionMask = 2147483647;
			files = (
			);
			runOnlyForDeploymentPostprocessing = 0;
		};
		3CB882671C162FD80024EDAD /* Resources */ = {
			isa = PBXResourcesBuildPhase;
			buildActionMask = 2147483647;
			files = (
			);
			runOnlyForDeploymentPostprocessing = 0;
		};
/* End PBXResourcesBuildPhase section */

/* Begin PBXSourcesBuildPhase section */
		3CB882461C162FD70024EDAD /* Sources */ = {
			isa = PBXSourcesBuildPhase;
			buildActionMask = 2147483647;
			files = (
				3CB882501C162FD70024EDAD /* ViewController.swift in Sources */,
				3CB8824E1C162FD70024EDAD /* AppDelegate.swift in Sources */,
				3C903A711C33B5330073D694 /* SettingsViewController.swift in Sources */,
			);
			runOnlyForDeploymentPostprocessing = 0;
		};
		3CB8825A1C162FD80024EDAD /* Sources */ = {
			isa = PBXSourcesBuildPhase;
			buildActionMask = 2147483647;
			files = (
				3CB882631C162FD80024EDAD /* TestDriveTests.swift in Sources */,
			);
			runOnlyForDeploymentPostprocessing = 0;
		};
		3CB882651C162FD80024EDAD /* Sources */ = {
			isa = PBXSourcesBuildPhase;
			buildActionMask = 2147483647;
			files = (
				3CB8826E1C162FD80024EDAD /* TestDriveUITests.swift in Sources */,
			);
			runOnlyForDeploymentPostprocessing = 0;
		};
/* End PBXSourcesBuildPhase section */

/* Begin PBXTargetDependency section */
		3CB882601C162FD80024EDAD /* PBXTargetDependency */ = {
			isa = PBXTargetDependency;
			target = 3CB882491C162FD70024EDAD /* TippingSocial */;
			targetProxy = 3CB8825F1C162FD80024EDAD /* PBXContainerItemProxy */;
		};
		3CB8826B1C162FD80024EDAD /* PBXTargetDependency */ = {
			isa = PBXTargetDependency;
			target = 3CB882491C162FD70024EDAD /* TippingSocial */;
			targetProxy = 3CB8826A1C162FD80024EDAD /* PBXContainerItemProxy */;
		};
/* End PBXTargetDependency section */

/* Begin PBXVariantGroup section */
		3CB882511C162FD70024EDAD /* Main.storyboard */ = {
			isa = PBXVariantGroup;
			children = (
				3CB882521C162FD70024EDAD /* Base */,
			);
			name = Main.storyboard;
			sourceTree = "<group>";
		};
		3CB882561C162FD70024EDAD /* LaunchScreen.storyboard */ = {
			isa = PBXVariantGroup;
			children = (
				3CB882571C162FD70024EDAD /* Base */,
			);
			name = LaunchScreen.storyboard;
			sourceTree = "<group>";
		};
/* End PBXVariantGroup section */

/* Begin XCBuildConfiguration section */
		3CB882701C162FD80024EDAD /* Debug */ = {
			isa = XCBuildConfiguration;
			buildSettings = {
				ALWAYS_SEARCH_USER_PATHS = NO;
				CLANG_CXX_LANGUAGE_STANDARD = "gnu++0x";
				CLANG_CXX_LIBRARY = "libc++";
				CLANG_ENABLE_MODULES = YES;
				CLANG_ENABLE_OBJC_ARC = YES;
				CLANG_WARN_BOOL_CONVERSION = YES;
				CLANG_WARN_CONSTANT_CONVERSION = YES;
				CLANG_WARN_DIRECT_OBJC_ISA_USAGE = YES_ERROR;
				CLANG_WARN_EMPTY_BODY = YES;
				CLANG_WARN_ENUM_CONVERSION = YES;
				CLANG_WARN_INT_CONVERSION = YES;
				CLANG_WARN_OBJC_ROOT_CLASS = YES_ERROR;
				CLANG_WARN_UNREACHABLE_CODE = YES;
				CLANG_WARN__DUPLICATE_METHOD_MATCH = YES;
				"CODE_SIGN_IDENTITY[sdk=iphoneos*]" = "iPhone Developer";
				COPY_PHASE_STRIP = NO;
				DEBUG_INFORMATION_FORMAT = dwarf;
				ENABLE_STRICT_OBJC_MSGSEND = YES;
				ENABLE_TESTABILITY = YES;
				GCC_C_LANGUAGE_STANDARD = gnu99;
				GCC_DYNAMIC_NO_PIC = NO;
				GCC_NO_COMMON_BLOCKS = YES;
				GCC_OPTIMIZATION_LEVEL = 0;
				GCC_PREPROCESSOR_DEFINITIONS = (
					"DEBUG=1",
					"$(inherited)",
				);
				GCC_WARN_64_TO_32_BIT_CONVERSION = YES;
				GCC_WARN_ABOUT_RETURN_TYPE = YES_ERROR;
				GCC_WARN_UNDECLARED_SELECTOR = YES;
				GCC_WARN_UNINITIALIZED_AUTOS = YES_AGGRESSIVE;
				GCC_WARN_UNUSED_FUNCTION = YES;
				GCC_WARN_UNUSED_VARIABLE = YES;
				IPHONEOS_DEPLOYMENT_TARGET = 9.1;
				MTL_ENABLE_DEBUG_INFO = YES;
				ONLY_ACTIVE_ARCH = YES;
				SDKROOT = iphoneos;
				SWIFT_OPTIMIZATION_LEVEL = "-Onone";
			};
			name = Debug;
		};
		3CB882711C162FD80024EDAD /* Release */ = {
			isa = XCBuildConfiguration;
			buildSettings = {
				ALWAYS_SEARCH_USER_PATHS = NO;
				CLANG_CXX_LANGUAGE_STANDARD = "gnu++0x";
				CLANG_CXX_LIBRARY = "libc++";
				CLANG_ENABLE_MODULES = YES;
				CLANG_ENABLE_OBJC_ARC = YES;
				CLANG_WARN_BOOL_CONVERSION = YES;
				CLANG_WARN_CONSTANT_CONVERSION = YES;
				CLANG_WARN_DIRECT_OBJC_ISA_USAGE = YES_ERROR;
				CLANG_WARN_EMPTY_BODY = YES;
				CLANG_WARN_ENUM_CONVERSION = YES;
				CLANG_WARN_INT_CONVERSION = YES;
				CLANG_WARN_OBJC_ROOT_CLASS = YES_ERROR;
				CLANG_WARN_UNREACHABLE_CODE = YES;
				CLANG_WARN__DUPLICATE_METHOD_MATCH = YES;
				"CODE_SIGN_IDENTITY[sdk=iphoneos*]" = "iPhone Developer";
				COPY_PHASE_STRIP = NO;
				DEBUG_INFORMATION_FORMAT = "dwarf-with-dsym";
				ENABLE_NS_ASSERTIONS = NO;
				ENABLE_STRICT_OBJC_MSGSEND = YES;
				GCC_C_LANGUAGE_STANDARD = gnu99;
				GCC_NO_COMMON_BLOCKS = YES;
				GCC_WARN_64_TO_32_BIT_CONVERSION = YES;
				GCC_WARN_ABOUT_RETURN_TYPE = YES_ERROR;
				GCC_WARN_UNDECLARED_SELECTOR = YES;
				GCC_WARN_UNINITIALIZED_AUTOS = YES_AGGRESSIVE;
				GCC_WARN_UNUSED_FUNCTION = YES;
				GCC_WARN_UNUSED_VARIABLE = YES;
				IPHONEOS_DEPLOYMENT_TARGET = 9.1;
				MTL_ENABLE_DEBUG_INFO = NO;
				SDKROOT = iphoneos;
				VALIDATE_PRODUCT = YES;
			};
			name = Release;
		};
		3CB882731C162FD80024EDAD /* Debug */ = {
			isa = XCBuildConfiguration;
			buildSettings = {
				ASSETCATALOG_COMPILER_APPICON_NAME = AppIcon;
				CODE_SIGN_IDENTITY = "iPhone Developer";
				"CODE_SIGN_IDENTITY[sdk=iphoneos*]" = "iPhone Developer";
				INFOPLIST_FILE = TestDrive/Info.plist;
				LD_RUNPATH_SEARCH_PATHS = "$(inherited) @executable_path/Frameworks";
				PRODUCT_BUNDLE_IDENTIFIER = Lanista.TestDrive;
				PRODUCT_NAME = TippingSocial;
				PROVISIONING_PROFILE = "";
			};
			name = Debug;
		};
		3CB882741C162FD80024EDAD /* Release */ = {
			isa = XCBuildConfiguration;
			buildSettings = {
				ASSETCATALOG_COMPILER_APPICON_NAME = AppIcon;
				CODE_SIGN_IDENTITY = "iPhone Developer";
				"CODE_SIGN_IDENTITY[sdk=iphoneos*]" = "iPhone Developer";
				INFOPLIST_FILE = TestDrive/Info.plist;
				LD_RUNPATH_SEARCH_PATHS = "$(inherited) @executable_path/Frameworks";
				PRODUCT_BUNDLE_IDENTIFIER = Lanista.TestDrive;
				PRODUCT_NAME = TippingSocial;
				PROVISIONING_PROFILE = "";
			};
			name = Release;
		};
		3CB882761C162FD80024EDAD /* Debug */ = {
			isa = XCBuildConfiguration;
			buildSettings = {
				BUNDLE_LOADER = "$(TEST_HOST)";
				INFOPLIST_FILE = TestDriveTests/Info.plist;
				LD_RUNPATH_SEARCH_PATHS = "$(inherited) @executable_path/Frameworks @loader_path/Frameworks";
				PRODUCT_BUNDLE_IDENTIFIER = Lanista.TestDriveTests;
				PRODUCT_NAME = TippingSocial;
				TEST_HOST = "$(BUILT_PRODUCTS_DIR)/TippingSocial.app/TippingSocial";
			};
			name = Debug;
		};
		3CB882771C162FD80024EDAD /* Release */ = {
			isa = XCBuildConfiguration;
			buildSettings = {
				BUNDLE_LOADER = "$(TEST_HOST)";
				INFOPLIST_FILE = TestDriveTests/Info.plist;
				LD_RUNPATH_SEARCH_PATHS = "$(inherited) @executable_path/Frameworks @loader_path/Frameworks";
				PRODUCT_BUNDLE_IDENTIFIER = Lanista.TestDriveTests;
				PRODUCT_NAME = TippingSocial;
				TEST_HOST = "$(BUILT_PRODUCTS_DIR)/TippingSocial.app/TippingSocial";
			};
			name = Release;
		};
		3CB882791C162FD80024EDAD /* Debug */ = {
			isa = XCBuildConfiguration;
			buildSettings = {
				INFOPLIST_FILE = TestDriveUITests/Info.plist;
				LD_RUNPATH_SEARCH_PATHS = "$(inherited) @executable_path/Frameworks @loader_path/Frameworks";
				PRODUCT_BUNDLE_IDENTIFIER = Lanista.TestDriveUITests;
				PRODUCT_NAME = TippingSocial;
				TEST_TARGET_NAME = TestDrive;
				USES_XCTRUNNER = YES;
			};
			name = Debug;
		};
		3CB8827A1C162FD80024EDAD /* Release */ = {
			isa = XCBuildConfiguration;
			buildSettings = {
				INFOPLIST_FILE = TestDriveUITests/Info.plist;
				LD_RUNPATH_SEARCH_PATHS = "$(inherited) @executable_path/Frameworks @loader_path/Frameworks";
				PRODUCT_BUNDLE_IDENTIFIER = Lanista.TestDriveUITests;
				PRODUCT_NAME = TippingSocial;
				TEST_TARGET_NAME = TestDrive;
				USES_XCTRUNNER = YES;
			};
			name = Release;
		};
/* End XCBuildConfiguration section */

/* Begin XCConfigurationList section */
		3CB882451C162FD70024EDAD /* Build configuration list for PBXProject "TippingSocial" */ = {
			isa = XCConfigurationList;
			buildConfigurations = (
				3CB882701C162FD80024EDAD /* Debug */,
				3CB882711C162FD80024EDAD /* Release */,
			);
			defaultConfigurationIsVisible = 0;
			defaultConfigurationName = Release;
		};
		3CB882721C162FD80024EDAD /* Build configuration list for PBXNativeTarget "TippingSocial" */ = {
			isa = XCConfigurationList;
			buildConfigurations = (
				3CB882731C162FD80024EDAD /* Debug */,
				3CB882741C162FD80024EDAD /* Release */,
			);
			defaultConfigurationIsVisible = 0;
			defaultConfigurationName = Release;
		};
		3CB882751C162FD80024EDAD /* Build configuration list for PBXNativeTarget "TippingSocialTests" */ = {
			isa = XCConfigurationList;
			buildConfigurations = (
				3CB882761C162FD80024EDAD /* Debug */,
				3CB882771C162FD80024EDAD /* Release */,
			);
			defaultConfigurationIsVisible = 0;
			defaultConfigurationName = Release;
		};
		3CB882781C162FD80024EDAD /* Build configuration list for PBXNativeTarget "TippingSocialUITests" */ = {
			isa = XCConfigurationList;
			buildConfigurations = (
				3CB882791C162FD80024EDAD /* Debug */,
				3CB8827A1C162FD80024EDAD /* Release */,
			);
			defaultConfigurationIsVisible = 0;
			defaultConfigurationName = Release;
		};
/* End XCConfigurationList section */
	};
	rootObject = 3CB882421C162FD70024EDAD /* Project object */;
}
